
Microsoft Visual Studio Solution File, Format Version 12.00
# Visual Studio 15
VisualStudioVersion = 15.0.28307.572
MinimumVisualStudioVersion = 10.0.40219.1
Project("{9A19103F-16F7-4668-BE54-9A1E7A4F7556}") = "BugCatcher.UI", "BugCatcher.UI\BugCatcher.UI.csproj", "{48ECDB34-255A-4737-BDC4-ADFF89712A46}"
EndProject
Project("{9A19103F-16F7-4668-BE54-9A1E7A4F7556}") = "BugCatcher.Entities", "BugCatcher.Entities\BugCatcher.Entities.csproj", "{7FB0A38E-D86B-49C3-BD2A-F6E131FE7606}"
EndProject
Project("{9A19103F-16F7-4668-BE54-9A1E7A4F7556}") = "BugCatcher.DataAccessLayer", "BugCatcher.DataAccessLayer\BugCatcher.DataAccessLayer.csproj", "{62175BB0-C579-43DA-80DC-5F77CDCEF874}"
EndProject
Project("{9A19103F-16F7-4668-BE54-9A1E7A4F7556}") = "BugCatcher.BusinessLayer", "BugCatcher.BusinessLayer\BugCatcher.BusinessLayer.csproj", "{6C6418D2-78F4-48B0-93AB-9CF7CFC681C9}"
EndProject
Project("{9A19103F-16F7-4668-BE54-9A1E7A4F7556}") = "BugCatcher.WebApplication", "BugCatcher.WebApplication\BugCatcher.WebApplication.csproj", "{8B5D1B0F-6935-491D-A70C-4245B97105F8}"
EndProject
Global
	GlobalSection(SolutionConfigurationPlatforms) = preSolution
		Debug|Any CPU = Debug|Any CPU
		Release|Any CPU = Release|Any CPU
	EndGlobalSection
	GlobalSection(ProjectConfigurationPlatforms) = postSolution
		{48ECDB34-255A-4737-BDC4-ADFF89712A46}.Debug|Any CPU.ActiveCfg = Debug|Any CPU
		{48ECDB34-255A-4737-BDC4-ADFF89712A46}.Debug|Any CPU.Build.0 = Debug|Any CPU
		{48ECDB34-255A-4737-BDC4-ADFF89712A46}.Release|Any CPU.ActiveCfg = Release|Any CPU
		{48ECDB34-255A-4737-BDC4-ADFF89712A46}.Release|Any CPU.Build.0 = Release|Any CPU
		{7FB0A38E-D86B-49C3-BD2A-F6E131FE7606}.Debug|Any CPU.ActiveCfg = Debug|Any CPU
		{7FB0A38E-D86B-49C3-BD2A-F6E131FE7606}.Debug|Any CPU.Build.0 = Debug|Any CPU
		{7FB0A38E-D86B-49C3-BD2A-F6E131FE7606}.Release|Any CPU.ActiveCfg = Release|Any CPU
		{7FB0A38E-D86B-49C3-BD2A-F6E131FE7606}.Release|Any CPU.Build.0 = Release|Any CPU
		{62175BB0-C579-43DA-80DC-5F77CDCEF874}.Debug|Any CPU.ActiveCfg = Debug|Any CPU
		{62175BB0-C579-43DA-80DC-5F77CDCEF874}.Debug|Any CPU.Build.0 = Debug|Any CPU
		{62175BB0-C579-43DA-80DC-5F77CDCEF874}.Release|Any CPU.ActiveCfg = Release|Any CPU
		{62175BB0-C579-43DA-80DC-5F77CDCEF874}.Release|Any CPU.Build.0 = Release|Any CPU
		{6C6418D2-78F4-48B0-93AB-9CF7CFC681C9}.Debug|Any CPU.ActiveCfg = Debug|Any CPU
		{6C6418D2-78F4-48B0-93AB-9CF7CFC681C9}.Debug|Any CPU.Build.0 = Debug|Any CPU
		{6C6418D2-78F4-48B0-93AB-9CF7CFC681C9}.Release|Any CPU.ActiveCfg = Release|Any CPU
		{6C6418D2-78F4-48B0-93AB-9CF7CFC681C9}.Release|Any CPU.Build.0 = Release|Any CPU
		{8B5D1B0F-6935-491D-A70C-4245B97105F8}.Debug|Any CPU.ActiveCfg = Debug|Any CPU
		{8B5D1B0F-6935-491D-A70C-4245B97105F8}.Debug|Any CPU.Build.0 = Debug|Any CPU
		{8B5D1B0F-6935-491D-A70C-4245B97105F8}.Release|Any CPU.ActiveCfg = Release|Any CPU
		{8B5D1B0F-6935-491D-A70C-4245B97105F8}.Release|Any CPU.Build.0 = Release|Any CPU
	EndGlobalSection
	GlobalSection(SolutionProperties) = preSolution
		HideSolutionNode = FALSE
	EndGlobalSection
	GlobalSection(ExtensibilityGlobals) = postSolution
		SolutionGuid = {046AB72E-9D9C-4808-B1A1-13ABE7174888}
	EndGlobalSection
EndGlobal
